
Microsoft Visual Studio Solution File, Format Version 11.00
# Visual Studio 2010
Project("{FAE04EC0-301F-11D3-BF4B-00C04F79EFBC}") = "UnityEngine.SpatialTracking", "UnityEngine.SpatialTracking.csproj", "{98B6AFC5-A750-0D4F-C0FD-6CC447EB6E82}"
EndProject
Project("{FAE04EC0-301F-11D3-BF4B-00C04F79EFBC}") = "UnityEngine.UI", "UnityEngine.UI.csproj", "{CE528B7A-9124-1254-A5B9-E01B5A119138}"
EndProject
Project("{FAE04EC0-301F-11D3-BF4B-00C04F79EFBC}") = "Assembly-CSharp", "Assembly-CSharp.csproj", "{534A85B6-BEC3-154A-5FB2-78BDCD5C44A4}"
EndProject
Project("{FAE04EC0-301F-11D3-BF4B-00C04F79EFBC}") = "UnityEngine.TestRunner", "UnityEngine.TestRunner.csproj", "{E7C47DBC-08C3-0FF8-068E-77028BDC2CAB}"
EndProject
Project("{FAE04EC0-301F-11D3-BF4B-00C04F79EFBC}") = "UnityEngine.XR.LegacyInputHelpers", "UnityEngine.XR.LegacyInputHelpers.csproj", "{3F81CA31-E3E7-8D46-F957-E72DC9626BB7}"
EndProject
Project("{FAE04EC0-301F-11D3-BF4B-00C04F79EFBC}") = "UnityEngine.UI.Tests", "UnityEngine.UI.Tests.csproj", "{71ED0F78-8820-2220-D3E7-04D2FFE51133}"
EndProject
Project("{FAE04EC0-301F-11D3-BF4B-00C04F79EFBC}") = "Unity.XR.ARSubsystems", "Unity.XR.ARSubsystems.csproj", "{4F9CE7BD-0C30-879B-705C-63214F903F75}"
EndProject
Project("{FAE04EC0-301F-11D3-BF4B-00C04F79EFBC}") = "Unity.Timeline", "Unity.Timeline.csproj", "{6FBDD131-A19F-91DD-6B85-4F872A78660A}"
EndProject
Project("{FAE04EC0-301F-11D3-BF4B-00C04F79EFBC}") = "LuminUnity", "LuminUnity.csproj", "{481EE002-C7C8-2915-1E92-F2557A53622D}"
EndProject
Project("{FAE04EC0-301F-11D3-BF4B-00C04F79EFBC}") = "UnityEngine.XR.MagicLeap", "UnityEngine.XR.MagicLeap.csproj", "{8EFDDD3E-DE68-27AD-0FC5-7C9EFD4BC16C}"
EndProject
Project("{FAE04EC0-301F-11D3-BF4B-00C04F79EFBC}") = "Unity.TextMeshPro", "Unity.TextMeshPro.csproj", "{6209840C-D737-82DF-AA52-DE46FFCAB130}"
EndProject
Project("{FAE04EC0-301F-11D3-BF4B-00C04F79EFBC}") = "Unity.XR.ARSubsystems.Runtime.Tests", "Unity.XR.ARSubsystems.Runtime.Tests.csproj", "{7109F923-B329-8D50-C8F3-96AA1E6E23AC}"
EndProject
Project("{FAE04EC0-301F-11D3-BF4B-00C04F79EFBC}") = "Unity.XR.Management", "Unity.XR.Management.csproj", "{BBC915F8-4714-5015-8441-7E8186203486}"
EndProject
Project("{FAE04EC0-301F-11D3-BF4B-00C04F79EFBC}") = "Unity.XR.InteractionSubsystems", "Unity.XR.InteractionSubsystems.csproj", "{5E87CD7A-2939-8E69-1AEF-DE6D4F8DF7A6}"
EndProject
Project("{FAE04EC0-301F-11D3-BF4B-00C04F79EFBC}") = "Unity.XR.Management.TestPackage", "Unity.XR.Management.TestPackage.csproj", "{AB7ABD25-2FAA-375C-3D9D-45C2ED700D2F}"
EndProject
Project("{FAE04EC0-301F-11D3-BF4B-00C04F79EFBC}") = "Unity.XR.InteractionSubsystems.Runtime.Tests", "Unity.XR.InteractionSubsystems.Runtime.Tests.csproj", "{5C283CBB-F5FC-EB69-7D0B-1C227457B986}"
EndProject
Project("{FAE04EC0-301F-11D3-BF4B-00C04F79EFBC}") = "Unity.MagicLeap.Samples.InputProviders", "Unity.MagicLeap.Samples.InputProviders.csproj", "{4F86F75A-0AE9-34B6-F7D3-4B1E59ED60F5}"
EndProject
Project("{FAE04EC0-301F-11D3-BF4B-00C04F79EFBC}") = "Unity.Subsystem.Registration.Runtime.Tests", "Unity.Subsystem.Registration.Runtime.Tests.csproj", "{8A86B13D-5C43-FEE1-523C-AB55B407BA1B}"
EndProject
Project("{FAE04EC0-301F-11D3-BF4B-00C04F79EFBC}") = "Unity.XR.Management.Tests.Standalone", "Unity.XR.Management.Tests.Standalone.csproj", "{B82EF2D6-714B-DD20-EEEF-6B53DDCA4435}"
EndProject
Project("{FAE04EC0-301F-11D3-BF4B-00C04F79EFBC}") = "Unity.Subsystem.Registration", "Unity.Subsystem.Registration.csproj", "{F1079DEF-E75F-5F02-A1C6-17EEE1C973FC}"
EndProject
Project("{FAE04EC0-301F-11D3-BF4B-00C04F79EFBC}") = "UnityEngine.SpatialTracking.Tests", "UnityEngine.SpatialTracking.Tests.csproj", "{E7C2F894-4BD6-B698-B834-7B1AF8D06017}"
EndProject
Project("{FAE04EC0-301F-11D3-BF4B-00C04F79EFBC}") = "Unity.TextMeshPro.Tests", "Unity.TextMeshPro.Tests.csproj", "{D4405EB9-2E12-808D-F0F5-1D45D3D5E58D}"
EndProject
Project("{FAE04EC0-301F-11D3-BF4B-00C04F79EFBC}") = "Unity.XR.MagicLeap.Tests", "Unity.XR.MagicLeap.Tests.csproj", "{1121231C-4AA3-2884-8A0E-DA4D3754D61E}"
EndProject
Project("{FAE04EC0-301F-11D3-BF4B-00C04F79EFBC}") = "Unity.XR.Management.Tests", "Unity.XR.Management.Tests.csproj", "{8DB0EEDE-B93F-8EE0-D07A-977C938C8642}"
EndProject
Project("{FAE04EC0-301F-11D3-BF4B-00C04F79EFBC}") = "Unity.MagicLeap.Samples.Rendering", "Unity.MagicLeap.Samples.Rendering.csproj", "{8432D203-490E-093A-EB89-537D8BA960A5}"
EndProject
Project("{FAE04EC0-301F-11D3-BF4B-00C04F79EFBC}") = "Unity.XR.Management.Editor", "Unity.XR.Management.Editor.csproj", "{A4596028-6BCD-832C-0B1B-FDF362B131FA}"
EndProject
Project("{FAE04EC0-301F-11D3-BF4B-00C04F79EFBC}") = "UnityEditor.TestRunner", "UnityEditor.TestRunner.csproj", "{C8F37C99-A4D6-15B0-83E5-359BF99FEF93}"
EndProject
Project("{FAE04EC0-301F-11D3-BF4B-00C04F79EFBC}") = "UnityEditor.UI", "UnityEditor.UI.csproj", "{10F6B24A-5B2F-6BD4-2FDF-A1BB678247D3}"
EndProject
Project("{FAE04EC0-301F-11D3-BF4B-00C04F79EFBC}") = "Unity.Timeline.Editor", "Unity.Timeline.Editor.csproj", "{BECF31C1-F2CB-3034-83C2-2386FD61BBEE}"
EndProject
Project("{FAE04EC0-301F-11D3-BF4B-00C04F79EFBC}") = "Unity.VisualStudio.Editor", "Unity.VisualStudio.Editor.csproj", "{99ADB4BE-6A7B-F2B0-735E-167D503BCFB1}"
EndProject
Project("{FAE04EC0-301F-11D3-BF4B-00C04F79EFBC}") = "Unity.TextMeshPro.Editor", "Unity.TextMeshPro.Editor.csproj", "{AC3674CF-AECD-4FDD-02F5-B528FD8C286F}"
EndProject
Project("{FAE04EC0-301F-11D3-BF4B-00C04F79EFBC}") = "LuminUnity-Editor", "LuminUnity-Editor.csproj", "{E898142E-1D4E-7F42-D2C5-F93DFAA4F612}"
EndProject
Project("{FAE04EC0-301F-11D3-BF4B-00C04F79EFBC}") = "DocCodeExamples", "DocCodeExamples.csproj", "{9482EF34-AD54-D23F-B5E4-97AD3EA21899}"
EndProject
Project("{FAE04EC0-301F-11D3-BF4B-00C04F79EFBC}") = "Assembly-CSharp-Editor", "Assembly-CSharp-Editor.csproj", "{47BB4338-95DA-79C9-56E8-A0DC7A3681D8}"
EndProject
Project("{FAE04EC0-301F-11D3-BF4B-00C04F79EFBC}") = "MagicLeap.SetupTool.Editor", "MagicLeap.SetupTool.Editor.csproj", "{8C44F157-CEAD-0AFB-8492-B2BEC6507D9A}"
EndProject
Project("{FAE04EC0-301F-11D3-BF4B-00C04F79EFBC}") = "UnityEditor.UI.EditorTests", "UnityEditor.UI.EditorTests.csproj", "{73F218BB-D395-17EB-D974-A1F65C40341D}"
EndProject
Project("{FAE04EC0-301F-11D3-BF4B-00C04F79EFBC}") = "UnityEditor.XR.MagicLeap", "UnityEditor.XR.MagicLeap.csproj", "{FE285F6B-F658-4FFD-BF1F-0C9421A0A16B}"
EndProject
Project("{FAE04EC0-301F-11D3-BF4B-00C04F79EFBC}") = "UnityEditor.XR.LegacyInputHelpers", "UnityEditor.XR.LegacyInputHelpers.csproj", "{E0F35CA6-D005-EBE7-958F-295482AC57E1}"
EndProject
Project("{FAE04EC0-301F-11D3-BF4B-00C04F79EFBC}") = "Unity.XR.TestSupport", "Unity.XR.TestSupport.csproj", "{F470DDE5-5E1B-ECA1-6F35-1A8FF4D34771}"
EndProject
Project("{FAE04EC0-301F-11D3-BF4B-00C04F79EFBC}") = "Unity.VSCode.Editor", "Unity.VSCode.Editor.csproj", "{BE882563-4C61-A479-291E-A16156EF5780}"
EndProject
Project("{FAE04EC0-301F-11D3-BF4B-00C04F79EFBC}") = "Unity.XR.MagicLeap.EditorTests", "Unity.XR.MagicLeap.EditorTests.csproj", "{9B1000AA-2577-8987-1BDC-F2587DF1CD7C}"
EndProject
Project("{FAE04EC0-301F-11D3-BF4B-00C04F79EFBC}") = "UnityEditor.SpatialTracking", "UnityEditor.SpatialTracking.csproj", "{64C9488A-E9AA-790E-3C4E-B5DAC5BDD627}"
EndProject
Project("{FAE04EC0-301F-11D3-BF4B-00C04F79EFBC}") = "Unity.XR.Management.TestPackage.Editor", "Unity.XR.Management.TestPackage.Editor.csproj", "{4E8A4C6A-0486-D665-A398-348DABB1CEB3}"
EndProject
Project("{FAE04EC0-301F-11D3-BF4B-00C04F79EFBC}") = "Unity.XR.ARSubsystems.Editor", "Unity.XR.ARSubsystems.Editor.csproj", "{0492F3FE-3DF8-9BA7-8498-BBDC984F4A60}"
EndProject
Project("{FAE04EC0-301F-11D3-BF4B-00C04F79EFBC}") = "Unity.InternalAPIEditorBridge.005", "Unity.InternalAPIEditorBridge.005.csproj", "{2230494F-8F5C-C9F3-2896-C6349EF96F04}"
EndProject
Project("{FAE04EC0-301F-11D3-BF4B-00C04F79EFBC}") = "Unity.XR.Management.EditorTests", "Unity.XR.Management.EditorTests.csproj", "{9D342766-87D3-79CA-9F1A-739A33DE4E5A}"
EndProject
Project("{FAE04EC0-301F-11D3-BF4B-00C04F79EFBC}") = "UnityEditor.XR.LegacyInputHelpers.Tests", "UnityEditor.XR.LegacyInputHelpers.Tests.csproj", "{998BA56F-FEF9-1443-7C97-14EE1195383D}"
EndProject
Project("{FAE04EC0-301F-11D3-BF4B-00C04F79EFBC}") = "Unity.TextMeshPro.Editor.Tests", "Unity.TextMeshPro.Editor.Tests.csproj", "{66220C9F-338D-63C5-A191-B01CA8893569}"
EndProject
Global
	GlobalSection(SolutionConfigurationPlatforms) = preSolution
		Debug|Any CPU = Debug|Any CPU
		Release|Any CPU = Release|Any CPU
	EndGlobalSection
	GlobalSection(ProjectConfigurationPlatforms) = postSolution
		{98B6AFC5-A750-0D4F-C0FD-6CC447EB6E82}.Debug|Any CPU.ActiveCfg = Debug|Any CPU
		{98B6AFC5-A750-0D4F-C0FD-6CC447EB6E82}.Debug|Any CPU.Build.0 = Debug|Any CPU
		{98B6AFC5-A750-0D4F-C0FD-6CC447EB6E82}.Release|Any CPU.ActiveCfg = Release|Any CPU
		{98B6AFC5-A750-0D4F-C0FD-6CC447EB6E82}.Release|Any CPU.Build.0 = Release|Any CPU
		{CE528B7A-9124-1254-A5B9-E01B5A119138}.Debug|Any CPU.ActiveCfg = Debug|Any CPU
		{CE528B7A-9124-1254-A5B9-E01B5A119138}.Debug|Any CPU.Build.0 = Debug|Any CPU
		{CE528B7A-9124-1254-A5B9-E01B5A119138}.Release|Any CPU.ActiveCfg = Release|Any CPU
		{CE528B7A-9124-1254-A5B9-E01B5A119138}.Release|Any CPU.Build.0 = Release|Any CPU
		{534A85B6-BEC3-154A-5FB2-78BDCD5C44A4}.Debug|Any CPU.ActiveCfg = Debug|Any CPU
		{534A85B6-BEC3-154A-5FB2-78BDCD5C44A4}.Debug|Any CPU.Build.0 = Debug|Any CPU
		{534A85B6-BEC3-154A-5FB2-78BDCD5C44A4}.Release|Any CPU.ActiveCfg = Release|Any CPU
		{534A85B6-BEC3-154A-5FB2-78BDCD5C44A4}.Release|Any CPU.Build.0 = Release|Any CPU
		{E7C47DBC-08C3-0FF8-068E-77028BDC2CAB}.Debug|Any CPU.ActiveCfg = Debug|Any CPU
		{E7C47DBC-08C3-0FF8-068E-77028BDC2CAB}.Debug|Any CPU.Build.0 = Debug|Any CPU
		{E7C47DBC-08C3-0FF8-068E-77028BDC2CAB}.Release|Any CPU.ActiveCfg = Release|Any CPU
		{E7C47DBC-08C3-0FF8-068E-77028BDC2CAB}.Release|Any CPU.Build.0 = Release|Any CPU
		{3F81CA31-E3E7-8D46-F957-E72DC9626BB7}.Debug|Any CPU.ActiveCfg = Debug|Any CPU
		{3F81CA31-E3E7-8D46-F957-E72DC9626BB7}.Debug|Any CPU.Build.0 = Debug|Any CPU
		{3F81CA31-E3E7-8D46-F957-E72DC9626BB7}.Release|Any CPU.ActiveCfg = Release|Any CPU
		{3F81CA31-E3E7-8D46-F957-E72DC9626BB7}.Release|Any CPU.Build.0 = Release|Any CPU
		{71ED0F78-8820-2220-D3E7-04D2FFE51133}.Debug|Any CPU.ActiveCfg = Debug|Any CPU
		{71ED0F78-8820-2220-D3E7-04D2FFE51133}.Debug|Any CPU.Build.0 = Debug|Any CPU
		{71ED0F78-8820-2220-D3E7-04D2FFE51133}.Release|Any CPU.ActiveCfg = Release|Any CPU
		{71ED0F78-8820-2220-D3E7-04D2FFE51133}.Release|Any CPU.Build.0 = Release|Any CPU
		{4F9CE7BD-0C30-879B-705C-63214F903F75}.Debug|Any CPU.ActiveCfg = Debug|Any CPU
		{4F9CE7BD-0C30-879B-705C-63214F903F75}.Debug|Any CPU.Build.0 = Debug|Any CPU
		{4F9CE7BD-0C30-879B-705C-63214F903F75}.Release|Any CPU.ActiveCfg = Release|Any CPU
		{4F9CE7BD-0C30-879B-705C-63214F903F75}.Release|Any CPU.Build.0 = Release|Any CPU
		{6FBDD131-A19F-91DD-6B85-4F872A78660A}.Debug|Any CPU.ActiveCfg = Debug|Any CPU
		{6FBDD131-A19F-91DD-6B85-4F872A78660A}.Debug|Any CPU.Build.0 = Debug|Any CPU
		{6FBDD131-A19F-91DD-6B85-4F872A78660A}.Release|Any CPU.ActiveCfg = Release|Any CPU
		{6FBDD131-A19F-91DD-6B85-4F872A78660A}.Release|Any CPU.Build.0 = Release|Any CPU
		{481EE002-C7C8-2915-1E92-F2557A53622D}.Debug|Any CPU.ActiveCfg = Debug|Any CPU
		{481EE002-C7C8-2915-1E92-F2557A53622D}.Debug|Any CPU.Build.0 = Debug|Any CPU
		{481EE002-C7C8-2915-1E92-F2557A53622D}.Release|Any CPU.ActiveCfg = Release|Any CPU
		{481EE002-C7C8-2915-1E92-F2557A53622D}.Release|Any CPU.Build.0 = Release|Any CPU
		{8EFDDD3E-DE68-27AD-0FC5-7C9EFD4BC16C}.Debug|Any CPU.ActiveCfg = Debug|Any CPU
		{8EFDDD3E-DE68-27AD-0FC5-7C9EFD4BC16C}.Debug|Any CPU.Build.0 = Debug|Any CPU
		{8EFDDD3E-DE68-27AD-0FC5-7C9EFD4BC16C}.Release|Any CPU.ActiveCfg = Release|Any CPU
		{8EFDDD3E-DE68-27AD-0FC5-7C9EFD4BC16C}.Release|Any CPU.Build.0 = Release|Any CPU
		{6209840C-D737-82DF-AA52-DE46FFCAB130}.Debug|Any CPU.ActiveCfg = Debug|Any CPU
		{6209840C-D737-82DF-AA52-DE46FFCAB130}.Debug|Any CPU.Build.0 = Debug|Any CPU
		{6209840C-D737-82DF-AA52-DE46FFCAB130}.Release|Any CPU.ActiveCfg = Release|Any CPU
		{6209840C-D737-82DF-AA52-DE46FFCAB130}.Release|Any CPU.Build.0 = Release|Any CPU
		{7109F923-B329-8D50-C8F3-96AA1E6E23AC}.Debug|Any CPU.ActiveCfg = Debug|Any CPU
		{7109F923-B329-8D50-C8F3-96AA1E6E23AC}.Debug|Any CPU.Build.0 = Debug|Any CPU
		{7109F923-B329-8D50-C8F3-96AA1E6E23AC}.Release|Any CPU.ActiveCfg = Release|Any CPU
		{7109F923-B329-8D50-C8F3-96AA1E6E23AC}.Release|Any CPU.Build.0 = Release|Any CPU
		{BBC915F8-4714-5015-8441-7E8186203486}.Debug|Any CPU.ActiveCfg = Debug|Any CPU
		{BBC915F8-4714-5015-8441-7E8186203486}.Debug|Any CPU.Build.0 = Debug|Any CPU
		{BBC915F8-4714-5015-8441-7E8186203486}.Release|Any CPU.ActiveCfg = Release|Any CPU
		{BBC915F8-4714-5015-8441-7E8186203486}.Release|Any CPU.Build.0 = Release|Any CPU
		{5E87CD7A-2939-8E69-1AEF-DE6D4F8DF7A6}.Debug|Any CPU.ActiveCfg = Debug|Any CPU
		{5E87CD7A-2939-8E69-1AEF-DE6D4F8DF7A6}.Debug|Any CPU.Build.0 = Debug|Any CPU
		{5E87CD7A-2939-8E69-1AEF-DE6D4F8DF7A6}.Release|Any CPU.ActiveCfg = Release|Any CPU
		{5E87CD7A-2939-8E69-1AEF-DE6D4F8DF7A6}.Release|Any CPU.Build.0 = Release|Any CPU
		{AB7ABD25-2FAA-375C-3D9D-45C2ED700D2F}.Debug|Any CPU.ActiveCfg = Debug|Any CPU
		{AB7ABD25-2FAA-375C-3D9D-45C2ED700D2F}.Debug|Any CPU.Build.0 = Debug|Any CPU
		{AB7ABD25-2FAA-375C-3D9D-45C2ED700D2F}.Release|Any CPU.ActiveCfg = Release|Any CPU
		{AB7ABD25-2FAA-375C-3D9D-45C2ED700D2F}.Release|Any CPU.Build.0 = Release|Any CPU
		{5C283CBB-F5FC-EB69-7D0B-1C227457B986}.Debug|Any CPU.ActiveCfg = Debug|Any CPU
		{5C283CBB-F5FC-EB69-7D0B-1C227457B986}.Debug|Any CPU.Build.0 = Debug|Any CPU
		{5C283CBB-F5FC-EB69-7D0B-1C227457B986}.Release|Any CPU.ActiveCfg = Release|Any CPU
		{5C283CBB-F5FC-EB69-7D0B-1C227457B986}.Release|Any CPU.Build.0 = Release|Any CPU
		{4F86F75A-0AE9-34B6-F7D3-4B1E59ED60F5}.Debug|Any CPU.ActiveCfg = Debug|Any CPU
		{4F86F75A-0AE9-34B6-F7D3-4B1E59ED60F5}.Debug|Any CPU.Build.0 = Debug|Any CPU
		{4F86F75A-0AE9-34B6-F7D3-4B1E59ED60F5}.Release|Any CPU.ActiveCfg = Release|Any CPU
		{4F86F75A-0AE9-34B6-F7D3-4B1E59ED60F5}.Release|Any CPU.Build.0 = Release|Any CPU
		{8A86B13D-5C43-FEE1-523C-AB55B407BA1B}.Debug|Any CPU.ActiveCfg = Debug|Any CPU
		{8A86B13D-5C43-FEE1-523C-AB55B407BA1B}.Debug|Any CPU.Build.0 = Debug|Any CPU
		{8A86B13D-5C43-FEE1-523C-AB55B407BA1B}.Release|Any CPU.ActiveCfg = Release|Any CPU
		{8A86B13D-5C43-FEE1-523C-AB55B407BA1B}.Release|Any CPU.Build.0 = Release|Any CPU
		{B82EF2D6-714B-DD20-EEEF-6B53DDCA4435}.Debug|Any CPU.ActiveCfg = Debug|Any CPU
		{B82EF2D6-714B-DD20-EEEF-6B53DDCA4435}.Debug|Any CPU.Build.0 = Debug|Any CPU
		{B82EF2D6-714B-DD20-EEEF-6B53DDCA4435}.Release|Any CPU.ActiveCfg = Release|Any CPU
		{B82EF2D6-714B-DD20-EEEF-6B53DDCA4435}.Release|Any CPU.Build.0 = Release|Any CPU
		{F1079DEF-E75F-5F02-A1C6-17EEE1C973FC}.Debug|Any CPU.ActiveCfg = Debug|Any CPU
		{F1079DEF-E75F-5F02-A1C6-17EEE1C973FC}.Debug|Any CPU.Build.0 = Debug|Any CPU
		{F1079DEF-E75F-5F02-A1C6-17EEE1C973FC}.Release|Any CPU.ActiveCfg = Release|Any CPU
		{F1079DEF-E75F-5F02-A1C6-17EEE1C973FC}.Release|Any CPU.Build.0 = Release|Any CPU
		{E7C2F894-4BD6-B698-B834-7B1AF8D06017}.Debug|Any CPU.ActiveCfg = Debug|Any CPU
		{E7C2F894-4BD6-B698-B834-7B1AF8D06017}.Debug|Any CPU.Build.0 = Debug|Any CPU
		{E7C2F894-4BD6-B698-B834-7B1AF8D06017}.Release|Any CPU.ActiveCfg = Release|Any CPU
		{E7C2F894-4BD6-B698-B834-7B1AF8D06017}.Release|Any CPU.Build.0 = Release|Any CPU
		{D4405EB9-2E12-808D-F0F5-1D45D3D5E58D}.Debug|Any CPU.ActiveCfg = Debug|Any CPU
		{D4405EB9-2E12-808D-F0F5-1D45D3D5E58D}.Debug|Any CPU.Build.0 = Debug|Any CPU
		{D4405EB9-2E12-808D-F0F5-1D45D3D5E58D}.Release|Any CPU.ActiveCfg = Release|Any CPU
		{D4405EB9-2E12-808D-F0F5-1D45D3D5E58D}.Release|Any CPU.Build.0 = Release|Any CPU
		{1121231C-4AA3-2884-8A0E-DA4D3754D61E}.Debug|Any CPU.ActiveCfg = Debug|Any CPU
		{1121231C-4AA3-2884-8A0E-DA4D3754D61E}.Debug|Any CPU.Build.0 = Debug|Any CPU
		{1121231C-4AA3-2884-8A0E-DA4D3754D61E}.Release|Any CPU.ActiveCfg = Release|Any CPU
		{1121231C-4AA3-2884-8A0E-DA4D3754D61E}.Release|Any CPU.Build.0 = Release|Any CPU
		{8DB0EEDE-B93F-8EE0-D07A-977C938C8642}.Debug|Any CPU.ActiveCfg = Debug|Any CPU
		{8DB0EEDE-B93F-8EE0-D07A-977C938C8642}.Debug|Any CPU.Build.0 = Debug|Any CPU
		{8DB0EEDE-B93F-8EE0-D07A-977C938C8642}.Release|Any CPU.ActiveCfg = Release|Any CPU
		{8DB0EEDE-B93F-8EE0-D07A-977C938C8642}.Release|Any CPU.Build.0 = Release|Any CPU
		{8432D203-490E-093A-EB89-537D8BA960A5}.Debug|Any CPU.ActiveCfg = Debug|Any CPU
		{8432D203-490E-093A-EB89-537D8BA960A5}.Debug|Any CPU.Build.0 = Debug|Any CPU
		{8432D203-490E-093A-EB89-537D8BA960A5}.Release|Any CPU.ActiveCfg = Release|Any CPU
		{8432D203-490E-093A-EB89-537D8BA960A5}.Release|Any CPU.Build.0 = Release|Any CPU
		{A4596028-6BCD-832C-0B1B-FDF362B131FA}.Debug|Any CPU.ActiveCfg = Debug|Any CPU
		{A4596028-6BCD-832C-0B1B-FDF362B131FA}.Debug|Any CPU.Build.0 = Debug|Any CPU
		{A4596028-6BCD-832C-0B1B-FDF362B131FA}.Release|Any CPU.ActiveCfg = Release|Any CPU
		{A4596028-6BCD-832C-0B1B-FDF362B131FA}.Release|Any CPU.Build.0 = Release|Any CPU
		{C8F37C99-A4D6-15B0-83E5-359BF99FEF93}.Debug|Any CPU.ActiveCfg = Debug|Any CPU
		{C8F37C99-A4D6-15B0-83E5-359BF99FEF93}.Debug|Any CPU.Build.0 = Debug|Any CPU
		{C8F37C99-A4D6-15B0-83E5-359BF99FEF93}.Release|Any CPU.ActiveCfg = Release|Any CPU
		{C8F37C99-A4D6-15B0-83E5-359BF99FEF93}.Release|Any CPU.Build.0 = Release|Any CPU
		{10F6B24A-5B2F-6BD4-2FDF-A1BB678247D3}.Debug|Any CPU.ActiveCfg = Debug|Any CPU
		{10F6B24A-5B2F-6BD4-2FDF-A1BB678247D3}.Debug|Any CPU.Build.0 = Debug|Any CPU
		{10F6B24A-5B2F-6BD4-2FDF-A1BB678247D3}.Release|Any CPU.ActiveCfg = Release|Any CPU
		{10F6B24A-5B2F-6BD4-2FDF-A1BB678247D3}.Release|Any CPU.Build.0 = Release|Any CPU
		{BECF31C1-F2CB-3034-83C2-2386FD61BBEE}.Debug|Any CPU.ActiveCfg = Debug|Any CPU
		{BECF31C1-F2CB-3034-83C2-2386FD61BBEE}.Debug|Any CPU.Build.0 = Debug|Any CPU
		{BECF31C1-F2CB-3034-83C2-2386FD61BBEE}.Release|Any CPU.ActiveCfg = Release|Any CPU
		{BECF31C1-F2CB-3034-83C2-2386FD61BBEE}.Release|Any CPU.Build.0 = Release|Any CPU
		{99ADB4BE-6A7B-F2B0-735E-167D503BCFB1}.Debug|Any CPU.ActiveCfg = Debug|Any CPU
		{99ADB4BE-6A7B-F2B0-735E-167D503BCFB1}.Debug|Any CPU.Build.0 = Debug|Any CPU
		{99ADB4BE-6A7B-F2B0-735E-167D503BCFB1}.Release|Any CPU.ActiveCfg = Release|Any CPU
		{99ADB4BE-6A7B-F2B0-735E-167D503BCFB1}.Release|Any CPU.Build.0 = Release|Any CPU
		{AC3674CF-AECD-4FDD-02F5-B528FD8C286F}.Debug|Any CPU.ActiveCfg = Debug|Any CPU
		{AC3674CF-AECD-4FDD-02F5-B528FD8C286F}.Debug|Any CPU.Build.0 = Debug|Any CPU
		{AC3674CF-AECD-4FDD-02F5-B528FD8C286F}.Release|Any CPU.ActiveCfg = Release|Any CPU
		{AC3674CF-AECD-4FDD-02F5-B528FD8C286F}.Release|Any CPU.Build.0 = Release|Any CPU
		{E898142E-1D4E-7F42-D2C5-F93DFAA4F612}.Debug|Any CPU.ActiveCfg = Debug|Any CPU
		{E898142E-1D4E-7F42-D2C5-F93DFAA4F612}.Debug|Any CPU.Build.0 = Debug|Any CPU
		{E898142E-1D4E-7F42-D2C5-F93DFAA4F612}.Release|Any CPU.ActiveCfg = Release|Any CPU
		{E898142E-1D4E-7F42-D2C5-F93DFAA4F612}.Release|Any CPU.Build.0 = Release|Any CPU
		{9482EF34-AD54-D23F-B5E4-97AD3EA21899}.Debug|Any CPU.ActiveCfg = Debug|Any CPU
		{9482EF34-AD54-D23F-B5E4-97AD3EA21899}.Debug|Any CPU.Build.0 = Debug|Any CPU
		{9482EF34-AD54-D23F-B5E4-97AD3EA21899}.Release|Any CPU.ActiveCfg = Release|Any CPU
		{9482EF34-AD54-D23F-B5E4-97AD3EA21899}.Release|Any CPU.Build.0 = Release|Any CPU
		{47BB4338-95DA-79C9-56E8-A0DC7A3681D8}.Debug|Any CPU.ActiveCfg = Debug|Any CPU
		{47BB4338-95DA-79C9-56E8-A0DC7A3681D8}.Debug|Any CPU.Build.0 = Debug|Any CPU
		{47BB4338-95DA-79C9-56E8-A0DC7A3681D8}.Release|Any CPU.ActiveCfg = Release|Any CPU
		{47BB4338-95DA-79C9-56E8-A0DC7A3681D8}.Release|Any CPU.Build.0 = Release|Any CPU
		{8C44F157-CEAD-0AFB-8492-B2BEC6507D9A}.Debug|Any CPU.ActiveCfg = Debug|Any CPU
		{8C44F157-CEAD-0AFB-8492-B2BEC6507D9A}.Debug|Any CPU.Build.0 = Debug|Any CPU
		{8C44F157-CEAD-0AFB-8492-B2BEC6507D9A}.Release|Any CPU.ActiveCfg = Release|Any CPU
		{8C44F157-CEAD-0AFB-8492-B2BEC6507D9A}.Release|Any CPU.Build.0 = Release|Any CPU
		{73F218BB-D395-17EB-D974-A1F65C40341D}.Debug|Any CPU.ActiveCfg = Debug|Any CPU
		{73F218BB-D395-17EB-D974-A1F65C40341D}.Debug|Any CPU.Build.0 = Debug|Any CPU
		{73F218BB-D395-17EB-D974-A1F65C40341D}.Release|Any CPU.ActiveCfg = Release|Any CPU
		{73F218BB-D395-17EB-D974-A1F65C40341D}.Release|Any CPU.Build.0 = Release|Any CPU
		{FE285F6B-F658-4FFD-BF1F-0C9421A0A16B}.Debug|Any CPU.ActiveCfg = Debug|Any CPU
		{FE285F6B-F658-4FFD-BF1F-0C9421A0A16B}.Debug|Any CPU.Build.0 = Debug|Any CPU
		{FE285F6B-F658-4FFD-BF1F-0C9421A0A16B}.Release|Any CPU.ActiveCfg = Release|Any CPU
		{FE285F6B-F658-4FFD-BF1F-0C9421A0A16B}.Release|Any CPU.Build.0 = Release|Any CPU
		{E0F35CA6-D005-EBE7-958F-295482AC57E1}.Debug|Any CPU.ActiveCfg = Debug|Any CPU
		{E0F35CA6-D005-EBE7-958F-295482AC57E1}.Debug|Any CPU.Build.0 = Debug|Any CPU
		{E0F35CA6-D005-EBE7-958F-295482AC57E1}.Release|Any CPU.ActiveCfg = Release|Any CPU
		{E0F35CA6-D005-EBE7-958F-295482AC57E1}.Release|Any CPU.Build.0 = Release|Any CPU
		{F470DDE5-5E1B-ECA1-6F35-1A8FF4D34771}.Debug|Any CPU.ActiveCfg = Debug|Any CPU
		{F470DDE5-5E1B-ECA1-6F35-1A8FF4D34771}.Debug|Any CPU.Build.0 = Debug|Any CPU
		{F470DDE5-5E1B-ECA1-6F35-1A8FF4D34771}.Release|Any CPU.ActiveCfg = Release|Any CPU
		{F470DDE5-5E1B-ECA1-6F35-1A8FF4D34771}.Release|Any CPU.Build.0 = Release|Any CPU
		{BE882563-4C61-A479-291E-A16156EF5780}.Debug|Any CPU.ActiveCfg = Debug|Any CPU
		{BE882563-4C61-A479-291E-A16156EF5780}.Debug|Any CPU.Build.0 = Debug|Any CPU
		{BE882563-4C61-A479-291E-A16156EF5780}.Release|Any CPU.ActiveCfg = Release|Any CPU
		{BE882563-4C61-A479-291E-A16156EF5780}.Release|Any CPU.Build.0 = Release|Any CPU
		{9B1000AA-2577-8987-1BDC-F2587DF1CD7C}.Debug|Any CPU.ActiveCfg = Debug|Any CPU
		{9B1000AA-2577-8987-1BDC-F2587DF1CD7C}.Debug|Any CPU.Build.0 = Debug|Any CPU
		{9B1000AA-2577-8987-1BDC-F2587DF1CD7C}.Release|Any CPU.ActiveCfg = Release|Any CPU
		{9B1000AA-2577-8987-1BDC-F2587DF1CD7C}.Release|Any CPU.Build.0 = Release|Any CPU
		{64C9488A-E9AA-790E-3C4E-B5DAC5BDD627}.Debug|Any CPU.ActiveCfg = Debug|Any CPU
		{64C9488A-E9AA-790E-3C4E-B5DAC5BDD627}.Debug|Any CPU.Build.0 = Debug|Any CPU
		{64C9488A-E9AA-790E-3C4E-B5DAC5BDD627}.Release|Any CPU.ActiveCfg = Release|Any CPU
		{64C9488A-E9AA-790E-3C4E-B5DAC5BDD627}.Release|Any CPU.Build.0 = Release|Any CPU
		{4E8A4C6A-0486-D665-A398-348DABB1CEB3}.Debug|Any CPU.ActiveCfg = Debug|Any CPU
		{4E8A4C6A-0486-D665-A398-348DABB1CEB3}.Debug|Any CPU.Build.0 = Debug|Any CPU
		{4E8A4C6A-0486-D665-A398-348DABB1CEB3}.Release|Any CPU.ActiveCfg = Release|Any CPU
		{4E8A4C6A-0486-D665-A398-348DABB1CEB3}.Release|Any CPU.Build.0 = Release|Any CPU
		{0492F3FE-3DF8-9BA7-8498-BBDC984F4A60}.Debug|Any CPU.ActiveCfg = Debug|Any CPU
		{0492F3FE-3DF8-9BA7-8498-BBDC984F4A60}.Debug|Any CPU.Build.0 = Debug|Any CPU
		{0492F3FE-3DF8-9BA7-8498-BBDC984F4A60}.Release|Any CPU.ActiveCfg = Release|Any CPU
		{0492F3FE-3DF8-9BA7-8498-BBDC984F4A60}.Release|Any CPU.Build.0 = Release|Any CPU
		{2230494F-8F5C-C9F3-2896-C6349EF96F04}.Debug|Any CPU.ActiveCfg = Debug|Any CPU
		{2230494F-8F5C-C9F3-2896-C6349EF96F04}.Debug|Any CPU.Build.0 = Debug|Any CPU
		{2230494F-8F5C-C9F3-2896-C6349EF96F04}.Release|Any CPU.ActiveCfg = Release|Any CPU
		{2230494F-8F5C-C9F3-2896-C6349EF96F04}.Release|Any CPU.Build.0 = Release|Any CPU
		{9D342766-87D3-79CA-9F1A-739A33DE4E5A}.Debug|Any CPU.ActiveCfg = Debug|Any CPU
		{9D342766-87D3-79CA-9F1A-739A33DE4E5A}.Debug|Any CPU.Build.0 = Debug|Any CPU
		{9D342766-87D3-79CA-9F1A-739A33DE4E5A}.Release|Any CPU.ActiveCfg = Release|Any CPU
		{9D342766-87D3-79CA-9F1A-739A33DE4E5A}.Release|Any CPU.Build.0 = Release|Any CPU
		{998BA56F-FEF9-1443-7C97-14EE1195383D}.Debug|Any CPU.ActiveCfg = Debug|Any CPU
		{998BA56F-FEF9-1443-7C97-14EE1195383D}.Debug|Any CPU.Build.0 = Debug|Any CPU
		{998BA56F-FEF9-1443-7C97-14EE1195383D}.Release|Any CPU.ActiveCfg = Release|Any CPU
		{998BA56F-FEF9-1443-7C97-14EE1195383D}.Release|Any CPU.Build.0 = Release|Any CPU
		{66220C9F-338D-63C5-A191-B01CA8893569}.Debug|Any CPU.ActiveCfg = Debug|Any CPU
		{66220C9F-338D-63C5-A191-B01CA8893569}.Debug|Any CPU.Build.0 = Debug|Any CPU
		{66220C9F-338D-63C5-A191-B01CA8893569}.Release|Any CPU.ActiveCfg = Release|Any CPU
		{66220C9F-338D-63C5-A191-B01CA8893569}.Release|Any CPU.Build.0 = Release|Any CPU
	EndGlobalSection
	GlobalSection(SolutionProperties) = preSolution
		HideSolutionNode = FALSE
	EndGlobalSection
EndGlobal
